// !$*UTF8*$!
{
	archiveVersion = 1;
	classes = {
	};
	objectVersion = 50;
	objects = {

/* Begin PBXBuildFile section */
		BF27757B22A121810037BD69 /* AppDelegate.swift in Sources */ = {isa = PBXBuildFile; fileRef = BF27757A22A121810037BD69 /* AppDelegate.swift */; };
		BF27758022A121810037BD69 /* Main.storyboard in Resources */ = {isa = PBXBuildFile; fileRef = BF27757E22A121810037BD69 /* Main.storyboard */; };
		BF27758222A121820037BD69 /* Assets.xcassets in Resources */ = {isa = PBXBuildFile; fileRef = BF27758122A121820037BD69 /* Assets.xcassets */; };
		BF27758522A121820037BD69 /* LaunchScreen.storyboard in Resources */ = {isa = PBXBuildFile; fileRef = BF27758322A121820037BD69 /* LaunchScreen.storyboard */; };
		BF27759D22A122100037BD69 /* BinaryGapTests.swift in Sources */ = {isa = PBXBuildFile; fileRef = BF27759C22A122100037BD69 /* BinaryGapTests.swift */; };
		BF27759F22A1222C0037BD69 /* BinaryGap.swift in Sources */ = {isa = PBXBuildFile; fileRef = BF27759E22A1222C0037BD69 /* BinaryGap.swift */; };
		BF2775A122A137800037BD69 /* OddOccurrencesInArrayTests.swift in Sources */ = {isa = PBXBuildFile; fileRef = BF2775A022A137800037BD69 /* OddOccurrencesInArrayTests.swift */; };
		BF2775A322A1378C0037BD69 /* OddOccurrencesInArray.swift in Sources */ = {isa = PBXBuildFile; fileRef = BF2775A222A1378C0037BD69 /* OddOccurrencesInArray.swift */; };
		BF6E78C422A6B4A9009ACE11 /* BinaryGap.png in Resources */ = {isa = PBXBuildFile; fileRef = BF6E78C122A6B4A9009ACE11 /* BinaryGap.png */; };
		BF6E78C522A6B4A9009ACE11 /* CyclicRotation.png in Resources */ = {isa = PBXBuildFile; fileRef = BF6E78C222A6B4A9009ACE11 /* CyclicRotation.png */; };
		BF6E78C622A6B4A9009ACE11 /* OddOccurrencesInArray.png in Resources */ = {isa = PBXBuildFile; fileRef = BF6E78C322A6B4A9009ACE11 /* OddOccurrencesInArray.png */; };
		BF6E78C822A6B69F009ACE11 /* FrogJmp.png in Resources */ = {isa = PBXBuildFile; fileRef = BF6E78C722A6B69F009ACE11 /* FrogJmp.png */; };
		BF6E78CA22A6B6AC009ACE11 /* FrogJmp.swift in Sources */ = {isa = PBXBuildFile; fileRef = BF6E78C922A6B6AC009ACE11 /* FrogJmp.swift */; };
		BF6E78CC22A6B6B5009ACE11 /* FrogJmpTests.swift in Sources */ = {isa = PBXBuildFile; fileRef = BF6E78CB22A6B6B5009ACE11 /* FrogJmpTests.swift */; };
		BF6E78CE22A6C068009ACE11 /* PermMissingElem.png in Resources */ = {isa = PBXBuildFile; fileRef = BF6E78CD22A6C068009ACE11 /* PermMissingElem.png */; };
		BF6E78D022A6C072009ACE11 /* PermMissingElem.swift in Sources */ = {isa = PBXBuildFile; fileRef = BF6E78CF22A6C072009ACE11 /* PermMissingElem.swift */; };
		BF6E78D222A6C07E009ACE11 /* PermMissingElemTests.swift in Sources */ = {isa = PBXBuildFile; fileRef = BF6E78D122A6C07E009ACE11 /* PermMissingElemTests.swift */; };
		BF7C73F522A1415F00AF870B /* CyclicRotation.swift in Sources */ = {isa = PBXBuildFile; fileRef = BF7C73F422A1415F00AF870B /* CyclicRotation.swift */; };
		BF7C73F722A1416900AF870B /* CyclicRotationTests.swift in Sources */ = {isa = PBXBuildFile; fileRef = BF7C73F622A1416900AF870B /* CyclicRotationTests.swift */; };
		BFB87F8022A6C4ED0007835B /* large_array.json in Resources */ = {isa = PBXBuildFile; fileRef = BFB87F7F22A6C4ED0007835B /* large_array.json */; };
/* End PBXBuildFile section */

/* Begin PBXContainerItemProxy section */
		BF27758C22A121820037BD69 /* PBXContainerItemProxy */ = {
			isa = PBXContainerItemProxy;
			containerPortal = BF27756F22A121810037BD69 /* Project object */;
			proxyType = 1;
			remoteGlobalIDString = BF27757622A121810037BD69;
			remoteInfo = CodilityLessons;
		};
/* End PBXContainerItemProxy section */

/* Begin PBXFileReference section */
		BF27757722A121810037BD69 /* CodilityLessons.app */ = {isa = PBXFileReference; explicitFileType = wrapper.application; includeInIndex = 0; path = CodilityLessons.app; sourceTree = BUILT_PRODUCTS_DIR; };
		BF27757A22A121810037BD69 /* AppDelegate.swift */ = {isa = PBXFileReference; lastKnownFileType = sourcecode.swift; path = AppDelegate.swift; sourceTree = "<group>"; };
		BF27757F22A121810037BD69 /* Base */ = {isa = PBXFileReference; lastKnownFileType = file.storyboard; name = Base; path = Base.lproj/Main.storyboard; sourceTree = "<group>"; };
		BF27758122A121820037BD69 /* Assets.xcassets */ = {isa = PBXFileReference; lastKnownFileType = folder.assetcatalog; path = Assets.xcassets; sourceTree = "<group>"; };
		BF27758422A121820037BD69 /* Base */ = {isa = PBXFileReference; lastKnownFileType = file.storyboard; name = Base; path = Base.lproj/LaunchScreen.storyboard; sourceTree = "<group>"; };
		BF27758622A121820037BD69 /* Info.plist */ = {isa = PBXFileReference; lastKnownFileType = text.plist.xml; path = Info.plist; sourceTree = "<group>"; };
		BF27758B22A121820037BD69 /* CodilityLessonsTests.xctest */ = {isa = PBXFileReference; explicitFileType = wrapper.cfbundle; includeInIndex = 0; path = CodilityLessonsTests.xctest; sourceTree = BUILT_PRODUCTS_DIR; };
		BF27759122A121820037BD69 /* Info.plist */ = {isa = PBXFileReference; lastKnownFileType = text.plist.xml; path = Info.plist; sourceTree = "<group>"; };
		BF27759C22A122100037BD69 /* BinaryGapTests.swift */ = {isa = PBXFileReference; lastKnownFileType = sourcecode.swift; path = BinaryGapTests.swift; sourceTree = "<group>"; };
		BF27759E22A1222C0037BD69 /* BinaryGap.swift */ = {isa = PBXFileReference; lastKnownFileType = sourcecode.swift; path = BinaryGap.swift; sourceTree = "<group>"; };
		BF2775A022A137800037BD69 /* OddOccurrencesInArrayTests.swift */ = {isa = PBXFileReference; lastKnownFileType = sourcecode.swift; path = OddOccurrencesInArrayTests.swift; sourceTree = "<group>"; };
		BF2775A222A1378C0037BD69 /* OddOccurrencesInArray.swift */ = {isa = PBXFileReference; lastKnownFileType = sourcecode.swift; path = OddOccurrencesInArray.swift; sourceTree = "<group>"; };
		BF6E78C122A6B4A9009ACE11 /* BinaryGap.png */ = {isa = PBXFileReference; lastKnownFileType = image.png; path = BinaryGap.png; sourceTree = "<group>"; };
		BF6E78C222A6B4A9009ACE11 /* CyclicRotation.png */ = {isa = PBXFileReference; lastKnownFileType = image.png; path = CyclicRotation.png; sourceTree = "<group>"; };
		BF6E78C322A6B4A9009ACE11 /* OddOccurrencesInArray.png */ = {isa = PBXFileReference; lastKnownFileType = image.png; path = OddOccurrencesInArray.png; sourceTree = "<group>"; };
		BF6E78C722A6B69F009ACE11 /* FrogJmp.png */ = {isa = PBXFileReference; lastKnownFileType = image.png; path = FrogJmp.png; sourceTree = "<group>"; };
		BF6E78C922A6B6AC009ACE11 /* FrogJmp.swift */ = {isa = PBXFileReference; lastKnownFileType = sourcecode.swift; path = FrogJmp.swift; sourceTree = "<group>"; };
		BF6E78CB22A6B6B5009ACE11 /* FrogJmpTests.swift */ = {isa = PBXFileReference; lastKnownFileType = sourcecode.swift; path = FrogJmpTests.swift; sourceTree = "<group>"; };
		BF6E78CD22A6C068009ACE11 /* PermMissingElem.png */ = {isa = PBXFileReference; lastKnownFileType = image.png; path = PermMissingElem.png; sourceTree = "<group>"; };
		BF6E78CF22A6C072009ACE11 /* PermMissingElem.swift */ = {isa = PBXFileReference; lastKnownFileType = sourcecode.swift; path = PermMissingElem.swift; sourceTree = "<group>"; };
		BF6E78D122A6C07E009ACE11 /* PermMissingElemTests.swift */ = {isa = PBXFileReference; lastKnownFileType = sourcecode.swift; path = PermMissingElemTests.swift; sourceTree = "<group>"; };
		BF7C73F422A1415F00AF870B /* CyclicRotation.swift */ = {isa = PBXFileReference; lastKnownFileType = sourcecode.swift; path = CyclicRotation.swift; sourceTree = "<group>"; };
		BF7C73F622A1416900AF870B /* CyclicRotationTests.swift */ = {isa = PBXFileReference; lastKnownFileType = sourcecode.swift; path = CyclicRotationTests.swift; sourceTree = "<group>"; };
		BFB87F7F22A6C4ED0007835B /* large_array.json */ = {isa = PBXFileReference; fileEncoding = 4; lastKnownFileType = text.json; path = large_array.json; sourceTree = "<group>"; };
/* End PBXFileReference section */

/* Begin PBXFrameworksBuildPhase section */
		BF27757422A121810037BD69 /* Frameworks */ = {
			isa = PBXFrameworksBuildPhase;
			buildActionMask = 2147483647;
			files = (
			);
			runOnlyForDeploymentPostprocessing = 0;
		};
		BF27758822A121820037BD69 /* Frameworks */ = {
			isa = PBXFrameworksBuildPhase;
			buildActionMask = 2147483647;
			files = (
			);
			runOnlyForDeploymentPostprocessing = 0;
		};
/* End PBXFrameworksBuildPhase section */

/* Begin PBXGroup section */
		BF27756E22A121810037BD69 = {
			isa = PBXGroup;
			children = (
				BF27757922A121810037BD69 /* CodilityLessons */,
				BF27758E22A121820037BD69 /* CodilityLessonsTests */,
				BF27757822A121810037BD69 /* Products */,
			);
			sourceTree = "<group>";
		};
		BF27757822A121810037BD69 /* Products */ = {
			isa = PBXGroup;
			children = (
				BF27757722A121810037BD69 /* CodilityLessons.app */,
				BF27758B22A121820037BD69 /* CodilityLessonsTests.xctest */,
			);
			name = Products;
			sourceTree = "<group>";
		};
		BF27757922A121810037BD69 /* CodilityLessons */ = {
			isa = PBXGroup;
			children = (
				BF27757A22A121810037BD69 /* AppDelegate.swift */,
				BF27758122A121820037BD69 /* Assets.xcassets */,
				BFD7636324322F3E00FD9747 /* Lesson1-Iterations */,
				BFD7636424322F5100FD9747 /* Lesson2-Arrays */,
				BFD7636524322F6300FD9747 /* Lesson3-Time Complexity */,
				BF27758622A121820037BD69 /* Info.plist */,
				BF27758322A121820037BD69 /* LaunchScreen.storyboard */,
				BF27757E22A121810037BD69 /* Main.storyboard */,
			);
			path = CodilityLessons;
			sourceTree = "<group>";
		};
		BF27758E22A121820037BD69 /* CodilityLessonsTests */ = {
			isa = PBXGroup;
			children = (
				BFD7636624322F7200FD9747 /* Lesson1-Iterations */,
				BFD7636724322F7C00FD9747 /* Lesson2-Arrays */,
				BFD7636824322F8200FD9747 /* Lesson3-Time Complexity */,
				BF27759122A121820037BD69 /* Info.plist */,
			);
			path = CodilityLessonsTests;
			sourceTree = "<group>";
		};
		BFD7636324322F3E00FD9747 /* Lesson1-Iterations */ = {
			isa = PBXGroup;
			children = (
				BF6E78C122A6B4A9009ACE11 /* BinaryGap.png */,
				BF27759E22A1222C0037BD69 /* BinaryGap.swift */,
			);
			path = "Lesson1-Iterations";
			sourceTree = "<group>";
		};
		BFD7636424322F5100FD9747 /* Lesson2-Arrays */ = {
			isa = PBXGroup;
			children = (
				BF6E78C222A6B4A9009ACE11 /* CyclicRotation.png */,
				BF7C73F422A1415F00AF870B /* CyclicRotation.swift */,
				BF6E78C322A6B4A9009ACE11 /* OddOccurrencesInArray.png */,
				BF2775A222A1378C0037BD69 /* OddOccurrencesInArray.swift */,
			);
			path = "Lesson2-Arrays";
			sourceTree = "<group>";
		};
		BFD7636524322F6300FD9747 /* Lesson3-Time Complexity */ = {
			isa = PBXGroup;
			children = (
				BF6E78C722A6B69F009ACE11 /* FrogJmp.png */,
				BF6E78C922A6B6AC009ACE11 /* FrogJmp.swift */,
				BF6E78CD22A6C068009ACE11 /* PermMissingElem.png */,
				BF6E78CF22A6C072009ACE11 /* PermMissingElem.swift */,
			);
			path = "Lesson3-Time Complexity";
			sourceTree = "<group>";
		};
		BFD7636624322F7200FD9747 /* Lesson1-Iterations */ = {
			isa = PBXGroup;
			children = (
				BF27759C22A122100037BD69 /* BinaryGapTests.swift */,
			);
			path = "Lesson1-Iterations";
			sourceTree = "<group>";
		};
		BFD7636724322F7C00FD9747 /* Lesson2-Arrays */ = {
			isa = PBXGroup;
			children = (
				BF2775A022A137800037BD69 /* OddOccurrencesInArrayTests.swift */,
				BF7C73F622A1416900AF870B /* CyclicRotationTests.swift */,
			);
			path = "Lesson2-Arrays";
			sourceTree = "<group>";
		};
		BFD7636824322F8200FD9747 /* Lesson3-Time Complexity */ = {
			isa = PBXGroup;
			children = (
				BF6E78CB22A6B6B5009ACE11 /* FrogJmpTests.swift */,
				BFB87F7F22A6C4ED0007835B /* large_array.json */,
				BF6E78D122A6C07E009ACE11 /* PermMissingElemTests.swift */,
			);
			path = "Lesson3-Time Complexity";
			sourceTree = "<group>";
		};
/* End PBXGroup section */

/* Begin PBXNativeTarget section */
		BF27757622A121810037BD69 /* CodilityLessons */ = {
			isa = PBXNativeTarget;
			buildConfigurationList = BF27759422A121820037BD69 /* Build configuration list for PBXNativeTarget "CodilityLessons" */;
			buildPhases = (
				BF27757322A121810037BD69 /* Sources */,
				BF27757422A121810037BD69 /* Frameworks */,
				BF27757522A121810037BD69 /* Resources */,
			);
			buildRules = (
			);
			dependencies = (
			);
			name = CodilityLessons;
			productName = CodilityLessons;
			productReference = BF27757722A121810037BD69 /* CodilityLessons.app */;
			productType = "com.apple.product-type.application";
		};
		BF27758A22A121820037BD69 /* CodilityLessonsTests */ = {
			isa = PBXNativeTarget;
			buildConfigurationList = BF27759722A121820037BD69 /* Build configuration list for PBXNativeTarget "CodilityLessonsTests" */;
			buildPhases = (
				BF27758722A121820037BD69 /* Sources */,
				BF27758822A121820037BD69 /* Frameworks */,
				BF27758922A121820037BD69 /* Resources */,
			);
			buildRules = (
			);
			dependencies = (
				BF27758D22A121820037BD69 /* PBXTargetDependency */,
			);
			name = CodilityLessonsTests;
			productName = CodilityLessonsTests;
			productReference = BF27758B22A121820037BD69 /* CodilityLessonsTests.xctest */;
			productType = "com.apple.product-type.bundle.unit-test";
		};
/* End PBXNativeTarget section */

/* Begin PBXProject section */
		BF27756F22A121810037BD69 /* Project object */ = {
			isa = PBXProject;
			attributes = {
				LastSwiftUpdateCheck = 1020;
				LastUpgradeCheck = 1020;
				ORGANIZATIONNAME = "Akshit Zaveri";
				TargetAttributes = {
					BF27757622A121810037BD69 = {
						CreatedOnToolsVersion = 10.2.1;
					};
					BF27758A22A121820037BD69 = {
						CreatedOnToolsVersion = 10.2.1;
						LastSwiftMigration = 1020;
						TestTargetID = BF27757622A121810037BD69;
					};
				};
			};
			buildConfigurationList = BF27757222A121810037BD69 /* Build configuration list for PBXProject "CodilityLessons" */;
			compatibilityVersion = "Xcode 9.3";
			developmentRegion = en;
			hasScannedForEncodings = 0;
			knownRegions = (
				en,
				Base,
			);
			mainGroup = BF27756E22A121810037BD69;
			productRefGroup = BF27757822A121810037BD69 /* Products */;
			projectDirPath = "";
			projectRoot = "";
			targets = (
				BF27757622A121810037BD69 /* CodilityLessons */,
				BF27758A22A121820037BD69 /* CodilityLessonsTests */,
			);
		};
/* End PBXProject section */

/* Begin PBXResourcesBuildPhase section */
		BF27757522A121810037BD69 /* Resources */ = {
			isa = PBXResourcesBuildPhase;
			buildActionMask = 2147483647;
			files = (
				BF27758522A121820037BD69 /* LaunchScreen.storyboard in Resources */,
				BF6E78C522A6B4A9009ACE11 /* CyclicRotation.png in Resources */,
				BF6E78C422A6B4A9009ACE11 /* BinaryGap.png in Resources */,
				BF6E78C622A6B4A9009ACE11 /* OddOccurrencesInArray.png in Resources */,
				BF6E78C822A6B69F009ACE11 /* FrogJmp.png in Resources */,
				BF27758222A121820037BD69 /* Assets.xcassets in Resources */,
				BF27758022A121810037BD69 /* Main.storyboard in Resources */,
				BF6E78CE22A6C068009ACE11 /* PermMissingElem.png in Resources */,
			);
			runOnlyForDeploymentPostprocessing = 0;
		};
		BF27758922A121820037BD69 /* Resources */ = {
			isa = PBXResourcesBuildPhase;
			buildActionMask = 2147483647;
			files = (
				BFB87F8022A6C4ED0007835B /* large_array.json in Resources */,
			);
			runOnlyForDeploymentPostprocessing = 0;
		};
/* End PBXResourcesBuildPhase section */

/* Begin PBXSourcesBuildPhase section */
		BF27757322A121810037BD69 /* Sources */ = {
			isa = PBXSourcesBuildPhase;
			buildActionMask = 2147483647;
			files = (
				BF27759F22A1222C0037BD69 /* BinaryGap.swift in Sources */,
				BF6E78CA22A6B6AC009ACE11 /* FrogJmp.swift in Sources */,
				BF27757B22A121810037BD69 /* AppDelegate.swift in Sources */,
				BF6E78D022A6C072009ACE11 /* PermMissingElem.swift in Sources */,
				BF2775A322A1378C0037BD69 /* OddOccurrencesInArray.swift in Sources */,
				BF7C73F522A1415F00AF870B /* CyclicRotation.swift in Sources */,
			);
			runOnlyForDeploymentPostprocessing = 0;
		};
		BF27758722A121820037BD69 /* Sources */ = {
			isa = PBXSourcesBuildPhase;
			buildActionMask = 2147483647;
			files = (
				BF2775A122A137800037BD69 /* OddOccurrencesInArrayTests.swift in Sources */,
				BF6E78CC22A6B6B5009ACE11 /* FrogJmpTests.swift in Sources */,
				BF27759D22A122100037BD69 /* BinaryGapTests.swift in Sources */,
				BF6E78D222A6C07E009ACE11 /* PermMissingElemTests.swift in Sources */,
				BF7C73F722A1416900AF870B /* CyclicRotationTests.swift in Sources */,
			);
			runOnlyForDeploymentPostprocessing = 0;
		};
/* End PBXSourcesBuildPhase section */

/* Begin PBXTargetDependency section */
		BF27758D22A121820037BD69 /* PBXTargetDependency */ = {
			isa = PBXTargetDependency;
			target = BF27757622A121810037BD69 /* CodilityLessons */;
			targetProxy = BF27758C22A121820037BD69 /* PBXContainerItemProxy */;
		};
/* End PBXTargetDependency section */

/* Begin PBXVariantGroup section */
		BF27757E22A121810037BD69 /* Main.storyboard */ = {
			isa = PBXVariantGroup;
			children = (
				BF27757F22A121810037BD69 /* Base */,
			);
			name = Main.storyboard;
			sourceTree = "<group>";
		};
		BF27758322A121820037BD69 /* LaunchScreen.storyboard */ = {
			isa = PBXVariantGroup;
			children = (
				BF27758422A121820037BD69 /* Base */,
			);
			name = LaunchScreen.storyboard;
			sourceTree = "<group>";
		};
/* End PBXVariantGroup section */

/* Begin XCBuildConfiguration section */
		BF27759222A121820037BD69 /* Debug */ = {
			isa = XCBuildConfiguration;
			buildSettings = {
				ALWAYS_SEARCH_USER_PATHS = NO;
				CLANG_ANALYZER_NONNULL = YES;
				CLANG_ANALYZER_NUMBER_OBJECT_CONVERSION = YES_AGGRESSIVE;
				CLANG_CXX_LANGUAGE_STANDARD = "gnu++14";
				CLANG_CXX_LIBRARY = "libc++";
				CLANG_ENABLE_MODULES = YES;
				CLANG_ENABLE_OBJC_ARC = YES;
				CLANG_ENABLE_OBJC_WEAK = YES;
				CLANG_WARN_BLOCK_CAPTURE_AUTORELEASING = YES;
				CLANG_WARN_BOOL_CONVERSION = YES;
				CLANG_WARN_COMMA = YES;
				CLANG_WARN_CONSTANT_CONVERSION = YES;
				CLANG_WARN_DEPRECATED_OBJC_IMPLEMENTATIONS = YES;
				CLANG_WARN_DIRECT_OBJC_ISA_USAGE = YES_ERROR;
				CLANG_WARN_DOCUMENTATION_COMMENTS = YES;
				CLANG_WARN_EMPTY_BODY = YES;
				CLANG_WARN_ENUM_CONVERSION = YES;
				CLANG_WARN_INFINITE_RECURSION = YES;
				CLANG_WARN_INT_CONVERSION = YES;
				CLANG_WARN_NON_LITERAL_NULL_CONVERSION = YES;
				CLANG_WARN_OBJC_IMPLICIT_RETAIN_SELF = YES;
				CLANG_WARN_OBJC_LITERAL_CONVERSION = YES;
				CLANG_WARN_OBJC_ROOT_CLASS = YES_ERROR;
				CLANG_WARN_RANGE_LOOP_ANALYSIS = YES;
				CLANG_WARN_STRICT_PROTOTYPES = YES;
				CLANG_WARN_SUSPICIOUS_MOVE = YES;
				CLANG_WARN_UNGUARDED_AVAILABILITY = YES_AGGRESSIVE;
				CLANG_WARN_UNREACHABLE_CODE = YES;
				CLANG_WARN__DUPLICATE_METHOD_MATCH = YES;
				CODE_SIGN_IDENTITY = "iPhone Developer";
				COPY_PHASE_STRIP = NO;
				DEBUG_INFORMATION_FORMAT = dwarf;
				ENABLE_STRICT_OBJC_MSGSEND = YES;
				ENABLE_TESTABILITY = YES;
				GCC_C_LANGUAGE_STANDARD = gnu11;
				GCC_DYNAMIC_NO_PIC = NO;
				GCC_NO_COMMON_BLOCKS = YES;
				GCC_OPTIMIZATION_LEVEL = 0;
				GCC_PREPROCESSOR_DEFINITIONS = (
					"DEBUG=1",
					"$(inherited)",
				);
				GCC_WARN_64_TO_32_BIT_CONVERSION = YES;
				GCC_WARN_ABOUT_RETURN_TYPE = YES_ERROR;
				GCC_WARN_UNDECLARED_SELECTOR = YES;
				GCC_WARN_UNINITIALIZED_AUTOS = YES_AGGRESSIVE;
				GCC_WARN_UNUSED_FUNCTION = YES;
				GCC_WARN_UNUSED_VARIABLE = YES;
				IPHONEOS_DEPLOYMENT_TARGET = 12.2;
				MTL_ENABLE_DEBUG_INFO = INCLUDE_SOURCE;
				MTL_FAST_MATH = YES;
				ONLY_ACTIVE_ARCH = YES;
				SDKROOT = iphoneos;
				SWIFT_ACTIVE_COMPILATION_CONDITIONS = DEBUG;
				SWIFT_OPTIMIZATION_LEVEL = "-Onone";
			};
			name = Debug;
		};
		BF27759322A121820037BD69 /* Release */ = {
			isa = XCBuildConfiguration;
			buildSettings = {
				ALWAYS_SEARCH_USER_PATHS = NO;
				CLANG_ANALYZER_NONNULL = YES;
				CLANG_ANALYZER_NUMBER_OBJECT_CONVERSION = YES_AGGRESSIVE;
				CLANG_CXX_LANGUAGE_STANDARD = "gnu++14";
				CLANG_CXX_LIBRARY = "libc++";
				CLANG_ENABLE_MODULES = YES;
				CLANG_ENABLE_OBJC_ARC = YES;
				CLANG_ENABLE_OBJC_WEAK = YES;
				CLANG_WARN_BLOCK_CAPTURE_AUTORELEASING = YES;
				CLANG_WARN_BOOL_CONVERSION = YES;
				CLANG_WARN_COMMA = YES;
				CLANG_WARN_CONSTANT_CONVERSION = YES;
				CLANG_WARN_DEPRECATED_OBJC_IMPLEMENTATIONS = YES;
				CLANG_WARN_DIRECT_OBJC_ISA_USAGE = YES_ERROR;
				CLANG_WARN_DOCUMENTATION_COMMENTS = YES;
				CLANG_WARN_EMPTY_BODY = YES;
				CLANG_WARN_ENUM_CONVERSION = YES;
				CLANG_WARN_INFINITE_RECURSION = YES;
				CLANG_WARN_INT_CONVERSION = YES;
				CLANG_WARN_NON_LITERAL_NULL_CONVERSION = YES;
				CLANG_WARN_OBJC_IMPLICIT_RETAIN_SELF = YES;
				CLANG_WARN_OBJC_LITERAL_CONVERSION = YES;
				CLANG_WARN_OBJC_ROOT_CLASS = YES_ERROR;
				CLANG_WARN_RANGE_LOOP_ANALYSIS = YES;
				CLANG_WARN_STRICT_PROTOTYPES = YES;
				CLANG_WARN_SUSPICIOUS_MOVE = YES;
				CLANG_WARN_UNGUARDED_AVAILABILITY = YES_AGGRESSIVE;
				CLANG_WARN_UNREACHABLE_CODE = YES;
				CLANG_WARN__DUPLICATE_METHOD_MATCH = YES;
				CODE_SIGN_IDENTITY = "iPhone Developer";
				COPY_PHASE_STRIP = NO;
				DEBUG_INFORMATION_FORMAT = "dwarf-with-dsym";
				ENABLE_NS_ASSERTIONS = NO;
				ENABLE_STRICT_OBJC_MSGSEND = YES;
				GCC_C_LANGUAGE_STANDARD = gnu11;
				GCC_NO_COMMON_BLOCKS = YES;
				GCC_WARN_64_TO_32_BIT_CONVERSION = YES;
				GCC_WARN_ABOUT_RETURN_TYPE = YES_ERROR;
				GCC_WARN_UNDECLARED_SELECTOR = YES;
				GCC_WARN_UNINITIALIZED_AUTOS = YES_AGGRESSIVE;
				GCC_WARN_UNUSED_FUNCTION = YES;
				GCC_WARN_UNUSED_VARIABLE = YES;
				IPHONEOS_DEPLOYMENT_TARGET = 12.2;
				MTL_ENABLE_DEBUG_INFO = NO;
				MTL_FAST_MATH = YES;
				SDKROOT = iphoneos;
				SWIFT_COMPILATION_MODE = wholemodule;
				SWIFT_OPTIMIZATION_LEVEL = "-O";
				VALIDATE_PRODUCT = YES;
			};
			name = Release;
		};
		BF27759522A121820037BD69 /* Debug */ = {
			isa = XCBuildConfiguration;
			buildSettings = {
				ASSETCATALOG_COMPILER_APPICON_NAME = AppIcon;
				CODE_SIGN_STYLE = Automatic;
				DEVELOPMENT_TEAM = 6G977HV28A;
				INFOPLIST_FILE = CodilityLessons/Info.plist;
				LD_RUNPATH_SEARCH_PATHS = (
					"$(inherited)",
					"@executable_path/Frameworks",
				);
				PRODUCT_BUNDLE_IDENTIFIER = com.CodilityLessons;
				PRODUCT_NAME = "$(TARGET_NAME)";
				SWIFT_VERSION = 4.0;
				TARGETED_DEVICE_FAMILY = "1,2";
			};
			name = Debug;
		};
		BF27759622A121820037BD69 /* Release */ = {
			isa = XCBuildConfiguration;
			buildSettings = {
				ASSETCATALOG_COMPILER_APPICON_NAME = AppIcon;
				CODE_SIGN_STYLE = Automatic;
				DEVELOPMENT_TEAM = 6G977HV28A;
				INFOPLIST_FILE = CodilityLessons/Info.plist;
				LD_RUNPATH_SEARCH_PATHS = (
					"$(inherited)",
					"@executable_path/Frameworks",
				);
				PRODUCT_BUNDLE_IDENTIFIER = com.CodilityLessons;
				PRODUCT_NAME = "$(TARGET_NAME)";
				SWIFT_VERSION = 4.0;
				TARGETED_DEVICE_FAMILY = "1,2";
			};
			name = Release;
		};
		BF27759822A121820037BD69 /* Debug */ = {
			isa = XCBuildConfiguration;
			buildSettings = {
				ALWAYS_EMBED_SWIFT_STANDARD_LIBRARIES = YES;
				BUNDLE_LOADER = "$(TEST_HOST)";
				CLANG_ENABLE_MODULES = YES;
				CODE_SIGN_STYLE = Automatic;
				DEVELOPMENT_TEAM = 6G977HV28A;
				INFOPLIST_FILE = CodilityLessonsTests/Info.plist;
				LD_RUNPATH_SEARCH_PATHS = (
					"$(inherited)",
					"@executable_path/Frameworks",
					"@loader_path/Frameworks",
				);
				PRODUCT_BUNDLE_IDENTIFIER = com.CodilityLessonsTests;
				PRODUCT_NAME = "$(TARGET_NAME)";
				SWIFT_OPTIMIZATION_LEVEL = "-Onone";
				SWIFT_VERSION = 5.0;
				TARGETED_DEVICE_FAMILY = "1,2";
				TEST_HOST = "$(BUILT_PRODUCTS_DIR)/CodilityLessons.app/CodilityLessons";
			};
			name = Debug;
		};
		BF27759922A121820037BD69 /* Release */ = {
			isa = XCBuildConfiguration;
			buildSettings = {
				ALWAYS_EMBED_SWIFT_STANDARD_LIBRARIES = YES;
				BUNDLE_LOADER = "$(TEST_HOST)";
				CLANG_ENABLE_MODULES = YES;
				CODE_SIGN_STYLE = Automatic;
				DEVELOPMENT_TEAM = 6G977HV28A;
				INFOPLIST_FILE = CodilityLessonsTests/Info.plist;
				LD_RUNPATH_SEARCH_PATHS = (
					"$(inherited)",
					"@executable_path/Frameworks",
					"@loader_path/Frameworks",
				);
				PRODUCT_BUNDLE_IDENTIFIER = com.CodilityLessonsTests;
				PRODUCT_NAME = "$(TARGET_NAME)";
				SWIFT_VERSION = 5.0;
				TARGETED_DEVICE_FAMILY = "1,2";
				TEST_HOST = "$(BUILT_PRODUCTS_DIR)/CodilityLessons.app/CodilityLessons";
			};
			name = Release;
		};
/* End XCBuildConfiguration section */

/* Begin XCConfigurationList section */
		BF27757222A121810037BD69 /* Build configuration list for PBXProject "CodilityLessons" */ = {
			isa = XCConfigurationList;
			buildConfigurations = (
				BF27759222A121820037BD69 /* Debug */,
				BF27759322A121820037BD69 /* Release */,
			);
			defaultConfigurationIsVisible = 0;
			defaultConfigurationName = Release;
		};
		BF27759422A121820037BD69 /* Build configuration list for PBXNativeTarget "CodilityLessons" */ = {
			isa = XCConfigurationList;
			buildConfigurations = (
				BF27759522A121820037BD69 /* Debug */,
				BF27759622A121820037BD69 /* Release */,
			);
			defaultConfigurationIsVisible = 0;
			defaultConfigurationName = Release;
		};
		BF27759722A121820037BD69 /* Build configuration list for PBXNativeTarget "CodilityLessonsTests" */ = {
			isa = XCConfigurationList;
			buildConfigurations = (
				BF27759822A121820037BD69 /* Debug */,
				BF27759922A121820037BD69 /* Release */,
			);
			defaultConfigurationIsVisible = 0;
			defaultConfigurationName = Release;
		};
/* End XCConfigurationList section */
	};
	rootObject = BF27756F22A121810037BD69 /* Project object */;
}
